{
  "name": "test-asagiri",
  "lockfileVersion": 2,
  "requires": true,
  "packages": {
    "": {
      "dependencies": {
        "asagiri": "^0.1.0"
      }
    },
    "node_modules/asagiri": {
      "version": "0.1.0",
      "resolved": "https://registry.npmjs.org/asagiri/-/asagiri-0.1.0.tgz",
      "integrity": "sha512-xOnaALBQkmi/8HH3gJfZcoCDx/C254Awo0KBNtARw2m24fQ20K9Baf+JIQxfO7hhx0XA23LqwU5TZ0MFbLQ2Dg=="
    }
  },
  "dependencies": {
    "asagiri": {
      "version": "0.1.0",
      "resolved": "https://registry.npmjs.org/asagiri/-/asagiri-0.1.0.tgz",
      "integrity": "sha512-xOnaALBQkmi/8HH3gJfZcoCDx/C254Awo0KBNtARw2m24fQ20K9Baf+JIQxfO7hhx0XA23LqwU5TZ0MFbLQ2Dg=="
    }
  }
}
